
Microsoft Visual Studio Solution File, Format Version 12.00
# Visual Studio Version 16
VisualStudioVersion = 16.0.30621.155
MinimumVisualStudioVersion = 10.0.40219.1
Project("{FAE04EC0-301F-11D3-BF4B-00C04F79EFBC}") = "01. Encrypt Sort and Print Array", "01. Encrypt Sort and Print Array\01. Encrypt Sort and Print Array.csproj", "{126C8A79-600B-47A4-AF76-1978BC6CCE0B}"
EndProject
Project("{FAE04EC0-301F-11D3-BF4B-00C04F79EFBC}") = "02. Pascal Triangle", "02. Pascal Triangle\02. Pascal Triangle.csproj", "{97E41508-8D17-4C1B-8A3B-BDFEDB192126}"
EndProject
Project("{FAE04EC0-301F-11D3-BF4B-00C04F79EFBC}") = "03. Recursive Fibonacci", "03. Recursive Fibonacci\03. Recursive Fibonacci.csproj", "{F4444C18-FAC6-49F2-889A-C87AA223E0F6}"
EndProject
Project("{FAE04EC0-301F-11D3-BF4B-00C04F79EFBC}") = "04. Fold and Sum", "04. Fold and Sum\04. Fold and Sum.csproj", "{CDCCC522-E153-4B15-8A44-6BB73430B68A}"
EndProject
Project("{FAE04EC0-301F-11D3-BF4B-00C04F79EFBC}") = "05. Longest Increasing Subsequence", "05. Longest Increasing Subsequence\05. Longest Increasing Subsequence.csproj", "{7D88542D-8F65-4319-BAAF-1947D3093271}"
EndProject
Global
	GlobalSection(SolutionConfigurationPlatforms) = preSolution
		Debug|Any CPU = Debug|Any CPU
		Release|Any CPU = Release|Any CPU
	EndGlobalSection
	GlobalSection(ProjectConfigurationPlatforms) = postSolution
		{126C8A79-600B-47A4-AF76-1978BC6CCE0B}.Debug|Any CPU.ActiveCfg = Debug|Any CPU
		{126C8A79-600B-47A4-AF76-1978BC6CCE0B}.Debug|Any CPU.Build.0 = Debug|Any CPU
		{126C8A79-600B-47A4-AF76-1978BC6CCE0B}.Release|Any CPU.ActiveCfg = Release|Any CPU
		{126C8A79-600B-47A4-AF76-1978BC6CCE0B}.Release|Any CPU.Build.0 = Release|Any CPU
		{97E41508-8D17-4C1B-8A3B-BDFEDB192126}.Debug|Any CPU.ActiveCfg = Debug|Any CPU
		{97E41508-8D17-4C1B-8A3B-BDFEDB192126}.Debug|Any CPU.Build.0 = Debug|Any CPU
		{97E41508-8D17-4C1B-8A3B-BDFEDB192126}.Release|Any CPU.ActiveCfg = Release|Any CPU
		{97E41508-8D17-4C1B-8A3B-BDFEDB192126}.Release|Any CPU.Build.0 = Release|Any CPU
		{F4444C18-FAC6-49F2-889A-C87AA223E0F6}.Debug|Any CPU.ActiveCfg = Debug|Any CPU
		{F4444C18-FAC6-49F2-889A-C87AA223E0F6}.Debug|Any CPU.Build.0 = Debug|Any CPU
		{F4444C18-FAC6-49F2-889A-C87AA223E0F6}.Release|Any CPU.ActiveCfg = Release|Any CPU
		{F4444C18-FAC6-49F2-889A-C87AA223E0F6}.Release|Any CPU.Build.0 = Release|Any CPU
		{CDCCC522-E153-4B15-8A44-6BB73430B68A}.Debug|Any CPU.ActiveCfg = Debug|Any CPU
		{CDCCC522-E153-4B15-8A44-6BB73430B68A}.Debug|Any CPU.Build.0 = Debug|Any CPU
		{CDCCC522-E153-4B15-8A44-6BB73430B68A}.Release|Any CPU.ActiveCfg = Release|Any CPU
		{CDCCC522-E153-4B15-8A44-6BB73430B68A}.Release|Any CPU.Build.0 = Release|Any CPU
		{7D88542D-8F65-4319-BAAF-1947D3093271}.Debug|Any CPU.ActiveCfg = Debug|Any CPU
		{7D88542D-8F65-4319-BAAF-1947D3093271}.Debug|Any CPU.Build.0 = Debug|Any CPU
		{7D88542D-8F65-4319-BAAF-1947D3093271}.Release|Any CPU.ActiveCfg = Release|Any CPU
		{7D88542D-8F65-4319-BAAF-1947D3093271}.Release|Any CPU.Build.0 = Release|Any CPU
	EndGlobalSection
	GlobalSection(SolutionProperties) = preSolution
		HideSolutionNode = FALSE
	EndGlobalSection
	GlobalSection(ExtensibilityGlobals) = postSolution
		SolutionGuid = {E6FE0208-CB61-48BC-8FF2-053C8E98B491}
	EndGlobalSection
EndGlobal
