
Microsoft Visual Studio Solution File, Format Version 12.00
# Visual Studio Version 16
VisualStudioVersion = 16.0.30621.155
MinimumVisualStudioVersion = 10.0.40219.1
Project("{FAE04EC0-301F-11D3-BF4B-00C04F79EFBC}") = "01. Vehicles", "01. Vehicles\01. Vehicles.csproj", "{6F7B6C25-FFC5-4F86-9C7C-398CFDC6A8D8}"
EndProject
Project("{FAE04EC0-301F-11D3-BF4B-00C04F79EFBC}") = "02. Vehicles Extension", "02. Vehicles Extension\02. Vehicles Extension.csproj", "{276F628B-B488-4178-A018-0F32E7730A92}"
EndProject
Project("{FAE04EC0-301F-11D3-BF4B-00C04F79EFBC}") = "03. Raiding", "03. Raiding\03. Raiding.csproj", "{3A0EB821-6AEA-4238-B480-4801FDAB4CA1}"
EndProject
Project("{FAE04EC0-301F-11D3-BF4B-00C04F79EFBC}") = "04. Wild Farm", "04. Wild Farm\04. Wild Farm.csproj", "{B30B79CF-02E2-4FED-AB02-DA06E1161C97}"
EndProject
Global
	GlobalSection(SolutionConfigurationPlatforms) = preSolution
		Debug|Any CPU = Debug|Any CPU
		Release|Any CPU = Release|Any CPU
	EndGlobalSection
	GlobalSection(ProjectConfigurationPlatforms) = postSolution
		{6F7B6C25-FFC5-4F86-9C7C-398CFDC6A8D8}.Debug|Any CPU.ActiveCfg = Debug|Any CPU
		{6F7B6C25-FFC5-4F86-9C7C-398CFDC6A8D8}.Debug|Any CPU.Build.0 = Debug|Any CPU
		{6F7B6C25-FFC5-4F86-9C7C-398CFDC6A8D8}.Release|Any CPU.ActiveCfg = Release|Any CPU
		{6F7B6C25-FFC5-4F86-9C7C-398CFDC6A8D8}.Release|Any CPU.Build.0 = Release|Any CPU
		{276F628B-B488-4178-A018-0F32E7730A92}.Debug|Any CPU.ActiveCfg = Debug|Any CPU
		{276F628B-B488-4178-A018-0F32E7730A92}.Debug|Any CPU.Build.0 = Debug|Any CPU
		{276F628B-B488-4178-A018-0F32E7730A92}.Release|Any CPU.ActiveCfg = Release|Any CPU
		{276F628B-B488-4178-A018-0F32E7730A92}.Release|Any CPU.Build.0 = Release|Any CPU
		{3A0EB821-6AEA-4238-B480-4801FDAB4CA1}.Debug|Any CPU.ActiveCfg = Debug|Any CPU
		{3A0EB821-6AEA-4238-B480-4801FDAB4CA1}.Debug|Any CPU.Build.0 = Debug|Any CPU
		{3A0EB821-6AEA-4238-B480-4801FDAB4CA1}.Release|Any CPU.ActiveCfg = Release|Any CPU
		{3A0EB821-6AEA-4238-B480-4801FDAB4CA1}.Release|Any CPU.Build.0 = Release|Any CPU
		{B30B79CF-02E2-4FED-AB02-DA06E1161C97}.Debug|Any CPU.ActiveCfg = Debug|Any CPU
		{B30B79CF-02E2-4FED-AB02-DA06E1161C97}.Debug|Any CPU.Build.0 = Debug|Any CPU
		{B30B79CF-02E2-4FED-AB02-DA06E1161C97}.Release|Any CPU.ActiveCfg = Release|Any CPU
		{B30B79CF-02E2-4FED-AB02-DA06E1161C97}.Release|Any CPU.Build.0 = Release|Any CPU
	EndGlobalSection
	GlobalSection(SolutionProperties) = preSolution
		HideSolutionNode = FALSE
	EndGlobalSection
	GlobalSection(ExtensibilityGlobals) = postSolution
		SolutionGuid = {E306B190-E813-4BFE-80C0-8F853BCA4648}
	EndGlobalSection
EndGlobal
