
Microsoft Visual Studio Solution File, Format Version 12.00
# Visual Studio Version 16
VisualStudioVersion = 16.0.30621.155
MinimumVisualStudioVersion = 10.0.40219.1
Project("{FAE04EC0-301F-11D3-BF4B-00C04F79EFBC}") = "Задача 1", "Задача 1\Задача 1.csproj", "{FE302968-74B7-41E4-9471-A5E8887FF67A}"
EndProject
Project("{FAE04EC0-301F-11D3-BF4B-00C04F79EFBC}") = "Задача 2", "Задача 2\Задача 2.csproj", "{1786F2DF-1993-45F4-A8F8-580576EF44E5}"
EndProject
Project("{FAE04EC0-301F-11D3-BF4B-00C04F79EFBC}") = "Задача 3", "Задача 3\Задача 3.csproj", "{665586A7-A1D8-4F80-B410-C25084E5E9FE}"
EndProject
Project("{FAE04EC0-301F-11D3-BF4B-00C04F79EFBC}") = "Задача 4", "Задача 4\Задача 4.csproj", "{C9EDC158-8D0C-4A43-8922-A29EED6EA581}"
EndProject
Project("{FAE04EC0-301F-11D3-BF4B-00C04F79EFBC}") = "Задача 5", "Задача 5\Задача 5.csproj", "{8028F212-AB03-4B7F-8904-51575CB89970}"
EndProject
Project("{FAE04EC0-301F-11D3-BF4B-00C04F79EFBC}") = "Задача 6", "Задача 6\Задача 6.csproj", "{A2C40CB0-E129-4C87-AD75-D49839B1B26B}"
EndProject
Project("{FAE04EC0-301F-11D3-BF4B-00C04F79EFBC}") = "Задача 7", "Задача 7\Задача 7.csproj", "{53087F37-69F8-46E1-B076-10AAC0487E7A}"
EndProject
Global
	GlobalSection(SolutionConfigurationPlatforms) = preSolution
		Debug|Any CPU = Debug|Any CPU
		Release|Any CPU = Release|Any CPU
	EndGlobalSection
	GlobalSection(ProjectConfigurationPlatforms) = postSolution
		{FE302968-74B7-41E4-9471-A5E8887FF67A}.Debug|Any CPU.ActiveCfg = Debug|Any CPU
		{FE302968-74B7-41E4-9471-A5E8887FF67A}.Debug|Any CPU.Build.0 = Debug|Any CPU
		{FE302968-74B7-41E4-9471-A5E8887FF67A}.Release|Any CPU.ActiveCfg = Release|Any CPU
		{FE302968-74B7-41E4-9471-A5E8887FF67A}.Release|Any CPU.Build.0 = Release|Any CPU
		{1786F2DF-1993-45F4-A8F8-580576EF44E5}.Debug|Any CPU.ActiveCfg = Debug|Any CPU
		{1786F2DF-1993-45F4-A8F8-580576EF44E5}.Debug|Any CPU.Build.0 = Debug|Any CPU
		{1786F2DF-1993-45F4-A8F8-580576EF44E5}.Release|Any CPU.ActiveCfg = Release|Any CPU
		{1786F2DF-1993-45F4-A8F8-580576EF44E5}.Release|Any CPU.Build.0 = Release|Any CPU
		{665586A7-A1D8-4F80-B410-C25084E5E9FE}.Debug|Any CPU.ActiveCfg = Debug|Any CPU
		{665586A7-A1D8-4F80-B410-C25084E5E9FE}.Debug|Any CPU.Build.0 = Debug|Any CPU
		{665586A7-A1D8-4F80-B410-C25084E5E9FE}.Release|Any CPU.ActiveCfg = Release|Any CPU
		{665586A7-A1D8-4F80-B410-C25084E5E9FE}.Release|Any CPU.Build.0 = Release|Any CPU
		{C9EDC158-8D0C-4A43-8922-A29EED6EA581}.Debug|Any CPU.ActiveCfg = Debug|Any CPU
		{C9EDC158-8D0C-4A43-8922-A29EED6EA581}.Debug|Any CPU.Build.0 = Debug|Any CPU
		{C9EDC158-8D0C-4A43-8922-A29EED6EA581}.Release|Any CPU.ActiveCfg = Release|Any CPU
		{C9EDC158-8D0C-4A43-8922-A29EED6EA581}.Release|Any CPU.Build.0 = Release|Any CPU
		{8028F212-AB03-4B7F-8904-51575CB89970}.Debug|Any CPU.ActiveCfg = Debug|Any CPU
		{8028F212-AB03-4B7F-8904-51575CB89970}.Debug|Any CPU.Build.0 = Debug|Any CPU
		{8028F212-AB03-4B7F-8904-51575CB89970}.Release|Any CPU.ActiveCfg = Release|Any CPU
		{8028F212-AB03-4B7F-8904-51575CB89970}.Release|Any CPU.Build.0 = Release|Any CPU
		{A2C40CB0-E129-4C87-AD75-D49839B1B26B}.Debug|Any CPU.ActiveCfg = Debug|Any CPU
		{A2C40CB0-E129-4C87-AD75-D49839B1B26B}.Debug|Any CPU.Build.0 = Debug|Any CPU
		{A2C40CB0-E129-4C87-AD75-D49839B1B26B}.Release|Any CPU.ActiveCfg = Release|Any CPU
		{A2C40CB0-E129-4C87-AD75-D49839B1B26B}.Release|Any CPU.Build.0 = Release|Any CPU
		{53087F37-69F8-46E1-B076-10AAC0487E7A}.Debug|Any CPU.ActiveCfg = Debug|Any CPU
		{53087F37-69F8-46E1-B076-10AAC0487E7A}.Debug|Any CPU.Build.0 = Debug|Any CPU
		{53087F37-69F8-46E1-B076-10AAC0487E7A}.Release|Any CPU.ActiveCfg = Release|Any CPU
		{53087F37-69F8-46E1-B076-10AAC0487E7A}.Release|Any CPU.Build.0 = Release|Any CPU
	EndGlobalSection
	GlobalSection(SolutionProperties) = preSolution
		HideSolutionNode = FALSE
	EndGlobalSection
	GlobalSection(ExtensibilityGlobals) = postSolution
		SolutionGuid = {38C5C946-9817-4B05-998C-792926B808BC}
	EndGlobalSection
EndGlobal
