
Microsoft Visual Studio Solution File, Format Version 12.00
# Visual Studio Version 16
VisualStudioVersion = 16.0.30621.155
MinimumVisualStudioVersion = 10.0.40219.1
Project("{FAE04EC0-301F-11D3-BF4B-00C04F79EFBC}") = "01. Numbers From 1 To 100", "01. Numbers From 1 To 100\01. Numbers From 1 To 100.csproj", "{34A9B900-F47B-4710-B9A7-43902B6630B7}"
EndProject
Project("{FAE04EC0-301F-11D3-BF4B-00C04F79EFBC}") = "02. Numbers From N To 1", "02. Numbers From N To 1\02. Numbers From N To 1.csproj", "{F4556B83-EE82-493F-A3F1-8A233A899921}"
EndProject
Project("{FAE04EC0-301F-11D3-BF4B-00C04F79EFBC}") = "03. Numbers From 1 to N with Step 3", "03. Numbers From 1 to N with Step 3\03. Numbers From 1 to N with Step 3.csproj", "{70D621DB-1184-460E-9BB1-F8018617F962}"
EndProject
Project("{FAE04EC0-301F-11D3-BF4B-00C04F79EFBC}") = "04. Even Powers Of 2", "04. Even Powers Of 2\04. Even Powers Of 2.csproj", "{A4768E63-7EC7-445C-AB1B-5BBC1D1DFEFD}"
EndProject
Project("{FAE04EC0-301F-11D3-BF4B-00C04F79EFBC}") = "05. Character Sequence", "05. Character Sequence\05. Character Sequence.csproj", "{E7658BA6-6FCF-4FF9-BD04-4B44E52376CA}"
EndProject
Project("{FAE04EC0-301F-11D3-BF4B-00C04F79EFBC}") = "06. Vowels Sum", "06. Vowels Sum\06. Vowels Sum.csproj", "{B5CD34BC-0A1E-416C-974C-BD4299193212}"
EndProject
Project("{FAE04EC0-301F-11D3-BF4B-00C04F79EFBC}") = "07. Sum Numbers", "07. Sum Numbers\07. Sum Numbers.csproj", "{0F02C152-15D4-4411-952F-A1543E4EB35C}"
EndProject
Project("{FAE04EC0-301F-11D3-BF4B-00C04F79EFBC}") = "08. Number Sequence", "08. Number Sequence\08. Number Sequence.csproj", "{5ACC029C-9B83-4EDE-8E48-0061A5A72689}"
EndProject
Project("{FAE04EC0-301F-11D3-BF4B-00C04F79EFBC}") = "09. Left And Right Sum", "09. Left And Right Sum\09. Left And Right Sum.csproj", "{868989A7-2068-4705-A0CD-3562557D18DA}"
EndProject
Project("{FAE04EC0-301F-11D3-BF4B-00C04F79EFBC}") = "10. Odd Even Sum", "10. Odd Even Sum\10. Odd Even Sum.csproj", "{DE6CC962-2EA7-4F5A-97D4-266D1833FDF9}"
EndProject
Project("{FAE04EC0-301F-11D3-BF4B-00C04F79EFBC}") = "11. Clever Lily", "11. Clever Lily\11. Clever Lily.csproj", "{EDF2C0F0-A3B6-47F4-BD8B-046216C9084C}"
EndProject
Global
	GlobalSection(SolutionConfigurationPlatforms) = preSolution
		Debug|Any CPU = Debug|Any CPU
		Release|Any CPU = Release|Any CPU
	EndGlobalSection
	GlobalSection(ProjectConfigurationPlatforms) = postSolution
		{34A9B900-F47B-4710-B9A7-43902B6630B7}.Debug|Any CPU.ActiveCfg = Debug|Any CPU
		{34A9B900-F47B-4710-B9A7-43902B6630B7}.Debug|Any CPU.Build.0 = Debug|Any CPU
		{34A9B900-F47B-4710-B9A7-43902B6630B7}.Release|Any CPU.ActiveCfg = Release|Any CPU
		{34A9B900-F47B-4710-B9A7-43902B6630B7}.Release|Any CPU.Build.0 = Release|Any CPU
		{F4556B83-EE82-493F-A3F1-8A233A899921}.Debug|Any CPU.ActiveCfg = Debug|Any CPU
		{F4556B83-EE82-493F-A3F1-8A233A899921}.Debug|Any CPU.Build.0 = Debug|Any CPU
		{F4556B83-EE82-493F-A3F1-8A233A899921}.Release|Any CPU.ActiveCfg = Release|Any CPU
		{F4556B83-EE82-493F-A3F1-8A233A899921}.Release|Any CPU.Build.0 = Release|Any CPU
		{70D621DB-1184-460E-9BB1-F8018617F962}.Debug|Any CPU.ActiveCfg = Debug|Any CPU
		{70D621DB-1184-460E-9BB1-F8018617F962}.Debug|Any CPU.Build.0 = Debug|Any CPU
		{70D621DB-1184-460E-9BB1-F8018617F962}.Release|Any CPU.ActiveCfg = Release|Any CPU
		{70D621DB-1184-460E-9BB1-F8018617F962}.Release|Any CPU.Build.0 = Release|Any CPU
		{A4768E63-7EC7-445C-AB1B-5BBC1D1DFEFD}.Debug|Any CPU.ActiveCfg = Debug|Any CPU
		{A4768E63-7EC7-445C-AB1B-5BBC1D1DFEFD}.Debug|Any CPU.Build.0 = Debug|Any CPU
		{A4768E63-7EC7-445C-AB1B-5BBC1D1DFEFD}.Release|Any CPU.ActiveCfg = Release|Any CPU
		{A4768E63-7EC7-445C-AB1B-5BBC1D1DFEFD}.Release|Any CPU.Build.0 = Release|Any CPU
		{E7658BA6-6FCF-4FF9-BD04-4B44E52376CA}.Debug|Any CPU.ActiveCfg = Debug|Any CPU
		{E7658BA6-6FCF-4FF9-BD04-4B44E52376CA}.Debug|Any CPU.Build.0 = Debug|Any CPU
		{E7658BA6-6FCF-4FF9-BD04-4B44E52376CA}.Release|Any CPU.ActiveCfg = Release|Any CPU
		{E7658BA6-6FCF-4FF9-BD04-4B44E52376CA}.Release|Any CPU.Build.0 = Release|Any CPU
		{B5CD34BC-0A1E-416C-974C-BD4299193212}.Debug|Any CPU.ActiveCfg = Debug|Any CPU
		{B5CD34BC-0A1E-416C-974C-BD4299193212}.Debug|Any CPU.Build.0 = Debug|Any CPU
		{B5CD34BC-0A1E-416C-974C-BD4299193212}.Release|Any CPU.ActiveCfg = Release|Any CPU
		{B5CD34BC-0A1E-416C-974C-BD4299193212}.Release|Any CPU.Build.0 = Release|Any CPU
		{0F02C152-15D4-4411-952F-A1543E4EB35C}.Debug|Any CPU.ActiveCfg = Debug|Any CPU
		{0F02C152-15D4-4411-952F-A1543E4EB35C}.Debug|Any CPU.Build.0 = Debug|Any CPU
		{0F02C152-15D4-4411-952F-A1543E4EB35C}.Release|Any CPU.ActiveCfg = Release|Any CPU
		{0F02C152-15D4-4411-952F-A1543E4EB35C}.Release|Any CPU.Build.0 = Release|Any CPU
		{5ACC029C-9B83-4EDE-8E48-0061A5A72689}.Debug|Any CPU.ActiveCfg = Debug|Any CPU
		{5ACC029C-9B83-4EDE-8E48-0061A5A72689}.Debug|Any CPU.Build.0 = Debug|Any CPU
		{5ACC029C-9B83-4EDE-8E48-0061A5A72689}.Release|Any CPU.ActiveCfg = Release|Any CPU
		{5ACC029C-9B83-4EDE-8E48-0061A5A72689}.Release|Any CPU.Build.0 = Release|Any CPU
		{868989A7-2068-4705-A0CD-3562557D18DA}.Debug|Any CPU.ActiveCfg = Debug|Any CPU
		{868989A7-2068-4705-A0CD-3562557D18DA}.Debug|Any CPU.Build.0 = Debug|Any CPU
		{868989A7-2068-4705-A0CD-3562557D18DA}.Release|Any CPU.ActiveCfg = Release|Any CPU
		{868989A7-2068-4705-A0CD-3562557D18DA}.Release|Any CPU.Build.0 = Release|Any CPU
		{DE6CC962-2EA7-4F5A-97D4-266D1833FDF9}.Debug|Any CPU.ActiveCfg = Debug|Any CPU
		{DE6CC962-2EA7-4F5A-97D4-266D1833FDF9}.Debug|Any CPU.Build.0 = Debug|Any CPU
		{DE6CC962-2EA7-4F5A-97D4-266D1833FDF9}.Release|Any CPU.ActiveCfg = Release|Any CPU
		{DE6CC962-2EA7-4F5A-97D4-266D1833FDF9}.Release|Any CPU.Build.0 = Release|Any CPU
		{EDF2C0F0-A3B6-47F4-BD8B-046216C9084C}.Debug|Any CPU.ActiveCfg = Debug|Any CPU
		{EDF2C0F0-A3B6-47F4-BD8B-046216C9084C}.Debug|Any CPU.Build.0 = Debug|Any CPU
		{EDF2C0F0-A3B6-47F4-BD8B-046216C9084C}.Release|Any CPU.ActiveCfg = Release|Any CPU
		{EDF2C0F0-A3B6-47F4-BD8B-046216C9084C}.Release|Any CPU.Build.0 = Release|Any CPU
	EndGlobalSection
	GlobalSection(SolutionProperties) = preSolution
		HideSolutionNode = FALSE
	EndGlobalSection
	GlobalSection(ExtensibilityGlobals) = postSolution
		SolutionGuid = {14F99A63-C54B-4AF5-8810-A527A2AB7942}
	EndGlobalSection
EndGlobal
