
Microsoft Visual Studio Solution File, Format Version 12.00
# Visual Studio Version 16
VisualStudioVersion = 16.0.30621.155
MinimumVisualStudioVersion = 10.0.40219.1
Project("{FAE04EC0-301F-11D3-BF4B-00C04F79EFBC}") = "Problem 1", "Problem 1\Problem 1.csproj", "{2616DA40-FAB4-418A-8B6B-61E6ADF9E101}"
EndProject
Project("{FAE04EC0-301F-11D3-BF4B-00C04F79EFBC}") = "Problem 2", "Problem 2\Problem 2.csproj", "{7803AD97-6088-46A0-8104-63312D92045A}"
EndProject
Project("{FAE04EC0-301F-11D3-BF4B-00C04F79EFBC}") = "Problem 3", "Problem 3\Problem 3.csproj", "{DE2B2C80-9B74-447D-AC1B-9BCD807E036E}"
EndProject
Global
	GlobalSection(SolutionConfigurationPlatforms) = preSolution
		Debug|Any CPU = Debug|Any CPU
		Release|Any CPU = Release|Any CPU
	EndGlobalSection
	GlobalSection(ProjectConfigurationPlatforms) = postSolution
		{2616DA40-FAB4-418A-8B6B-61E6ADF9E101}.Debug|Any CPU.ActiveCfg = Debug|Any CPU
		{2616DA40-FAB4-418A-8B6B-61E6ADF9E101}.Debug|Any CPU.Build.0 = Debug|Any CPU
		{2616DA40-FAB4-418A-8B6B-61E6ADF9E101}.Release|Any CPU.ActiveCfg = Release|Any CPU
		{2616DA40-FAB4-418A-8B6B-61E6ADF9E101}.Release|Any CPU.Build.0 = Release|Any CPU
		{7803AD97-6088-46A0-8104-63312D92045A}.Debug|Any CPU.ActiveCfg = Debug|Any CPU
		{7803AD97-6088-46A0-8104-63312D92045A}.Debug|Any CPU.Build.0 = Debug|Any CPU
		{7803AD97-6088-46A0-8104-63312D92045A}.Release|Any CPU.ActiveCfg = Release|Any CPU
		{7803AD97-6088-46A0-8104-63312D92045A}.Release|Any CPU.Build.0 = Release|Any CPU
		{DE2B2C80-9B74-447D-AC1B-9BCD807E036E}.Debug|Any CPU.ActiveCfg = Debug|Any CPU
		{DE2B2C80-9B74-447D-AC1B-9BCD807E036E}.Debug|Any CPU.Build.0 = Debug|Any CPU
		{DE2B2C80-9B74-447D-AC1B-9BCD807E036E}.Release|Any CPU.ActiveCfg = Release|Any CPU
		{DE2B2C80-9B74-447D-AC1B-9BCD807E036E}.Release|Any CPU.Build.0 = Release|Any CPU
	EndGlobalSection
	GlobalSection(SolutionProperties) = preSolution
		HideSolutionNode = FALSE
	EndGlobalSection
	GlobalSection(ExtensibilityGlobals) = postSolution
		SolutionGuid = {95EFECC1-803B-49A5-849E-70B1689C5404}
	EndGlobalSection
EndGlobal
