
Microsoft Visual Studio Solution File, Format Version 12.00
# Visual Studio Version 16
VisualStudioVersion = 16.0.30621.155
MinimumVisualStudioVersion = 10.0.40219.1
Project("{9A19103F-16F7-4668-BE54-9A1E7A4F7556}") = "1", "1\1.csproj", "{9792F1DC-C5C4-4876-9083-4B63A8D5BE70}"
EndProject
Project("{9A19103F-16F7-4668-BE54-9A1E7A4F7556}") = "2", "2\2.csproj", "{CCF789EC-5C29-4C8A-B439-E0D7ACCA8C95}"
EndProject
Project("{9A19103F-16F7-4668-BE54-9A1E7A4F7556}") = "3", "3\3.csproj", "{D3A0CCBC-ACEE-4177-BF1C-F13E3B83E6E1}"
EndProject
Project("{9A19103F-16F7-4668-BE54-9A1E7A4F7556}") = "4", "4\4.csproj", "{166DA59F-8AA0-4014-81B8-B74649ABCE1E}"
EndProject
Project("{9A19103F-16F7-4668-BE54-9A1E7A4F7556}") = "5", "5\5.csproj", "{FCF1A113-74A0-4E65-B55E-EFEB4810BFD6}"
EndProject
Project("{FAE04EC0-301F-11D3-BF4B-00C04F79EFBC}") = "6", "6\6.csproj", "{5C43EDAE-EC07-4919-BC5D-5CE69822398D}"
EndProject
Global
	GlobalSection(SolutionConfigurationPlatforms) = preSolution
		Debug|Any CPU = Debug|Any CPU
		Release|Any CPU = Release|Any CPU
	EndGlobalSection
	GlobalSection(ProjectConfigurationPlatforms) = postSolution
		{9792F1DC-C5C4-4876-9083-4B63A8D5BE70}.Debug|Any CPU.ActiveCfg = Debug|Any CPU
		{9792F1DC-C5C4-4876-9083-4B63A8D5BE70}.Debug|Any CPU.Build.0 = Debug|Any CPU
		{9792F1DC-C5C4-4876-9083-4B63A8D5BE70}.Release|Any CPU.ActiveCfg = Release|Any CPU
		{9792F1DC-C5C4-4876-9083-4B63A8D5BE70}.Release|Any CPU.Build.0 = Release|Any CPU
		{CCF789EC-5C29-4C8A-B439-E0D7ACCA8C95}.Debug|Any CPU.ActiveCfg = Debug|Any CPU
		{CCF789EC-5C29-4C8A-B439-E0D7ACCA8C95}.Debug|Any CPU.Build.0 = Debug|Any CPU
		{CCF789EC-5C29-4C8A-B439-E0D7ACCA8C95}.Release|Any CPU.ActiveCfg = Release|Any CPU
		{CCF789EC-5C29-4C8A-B439-E0D7ACCA8C95}.Release|Any CPU.Build.0 = Release|Any CPU
		{D3A0CCBC-ACEE-4177-BF1C-F13E3B83E6E1}.Debug|Any CPU.ActiveCfg = Debug|Any CPU
		{D3A0CCBC-ACEE-4177-BF1C-F13E3B83E6E1}.Debug|Any CPU.Build.0 = Debug|Any CPU
		{D3A0CCBC-ACEE-4177-BF1C-F13E3B83E6E1}.Release|Any CPU.ActiveCfg = Release|Any CPU
		{D3A0CCBC-ACEE-4177-BF1C-F13E3B83E6E1}.Release|Any CPU.Build.0 = Release|Any CPU
		{166DA59F-8AA0-4014-81B8-B74649ABCE1E}.Debug|Any CPU.ActiveCfg = Debug|Any CPU
		{166DA59F-8AA0-4014-81B8-B74649ABCE1E}.Debug|Any CPU.Build.0 = Debug|Any CPU
		{166DA59F-8AA0-4014-81B8-B74649ABCE1E}.Release|Any CPU.ActiveCfg = Release|Any CPU
		{166DA59F-8AA0-4014-81B8-B74649ABCE1E}.Release|Any CPU.Build.0 = Release|Any CPU
		{FCF1A113-74A0-4E65-B55E-EFEB4810BFD6}.Debug|Any CPU.ActiveCfg = Debug|Any CPU
		{FCF1A113-74A0-4E65-B55E-EFEB4810BFD6}.Debug|Any CPU.Build.0 = Debug|Any CPU
		{FCF1A113-74A0-4E65-B55E-EFEB4810BFD6}.Release|Any CPU.ActiveCfg = Release|Any CPU
		{FCF1A113-74A0-4E65-B55E-EFEB4810BFD6}.Release|Any CPU.Build.0 = Release|Any CPU
		{5C43EDAE-EC07-4919-BC5D-5CE69822398D}.Debug|Any CPU.ActiveCfg = Debug|Any CPU
		{5C43EDAE-EC07-4919-BC5D-5CE69822398D}.Debug|Any CPU.Build.0 = Debug|Any CPU
		{5C43EDAE-EC07-4919-BC5D-5CE69822398D}.Release|Any CPU.ActiveCfg = Release|Any CPU
		{5C43EDAE-EC07-4919-BC5D-5CE69822398D}.Release|Any CPU.Build.0 = Release|Any CPU
	EndGlobalSection
	GlobalSection(SolutionProperties) = preSolution
		HideSolutionNode = FALSE
	EndGlobalSection
	GlobalSection(ExtensibilityGlobals) = postSolution
		SolutionGuid = {ED5A80F0-7EE1-47A6-AA7B-B9180EE396BD}
	EndGlobalSection
EndGlobal
