
Microsoft Visual Studio Solution File, Format Version 12.00
# Visual Studio Version 16
VisualStudioVersion = 16.0.30621.155
MinimumVisualStudioVersion = 10.0.40219.1
Project("{FAE04EC0-301F-11D3-BF4B-00C04F79EFBC}") = "01. Sort Even Numbers", "01. Sort Even Numbers\01. Sort Even Numbers.csproj", "{EDBFD4C2-66AD-4BDC-ABD1-C596F7675074}"
EndProject
Project("{FAE04EC0-301F-11D3-BF4B-00C04F79EFBC}") = "02. Sum Numbers", "02. Sum Numbers\02. Sum Numbers.csproj", "{9BCF9B01-30BB-4ED6-BCCE-06BE1DACDD23}"
EndProject
Project("{FAE04EC0-301F-11D3-BF4B-00C04F79EFBC}") = "03. Count Uppercase Words", "03. Count Uppercase Words\03. Count Uppercase Words.csproj", "{EA28F9E8-A520-43F6-833E-30D842E11FEF}"
EndProject
Project("{FAE04EC0-301F-11D3-BF4B-00C04F79EFBC}") = "04. Add VAT", "04. Add VAT\04. Add VAT.csproj", "{9CE3DDD2-493A-4245-AE72-A94483D8C239}"
EndProject
Project("{FAE04EC0-301F-11D3-BF4B-00C04F79EFBC}") = "05. Filter By Age", "05. Filter By Age\05. Filter By Age.csproj", "{B03525AF-615E-44F0-9C14-35D28B8CBCFA}"
EndProject
Global
	GlobalSection(SolutionConfigurationPlatforms) = preSolution
		Debug|Any CPU = Debug|Any CPU
		Release|Any CPU = Release|Any CPU
	EndGlobalSection
	GlobalSection(ProjectConfigurationPlatforms) = postSolution
		{EDBFD4C2-66AD-4BDC-ABD1-C596F7675074}.Debug|Any CPU.ActiveCfg = Debug|Any CPU
		{EDBFD4C2-66AD-4BDC-ABD1-C596F7675074}.Debug|Any CPU.Build.0 = Debug|Any CPU
		{EDBFD4C2-66AD-4BDC-ABD1-C596F7675074}.Release|Any CPU.ActiveCfg = Release|Any CPU
		{EDBFD4C2-66AD-4BDC-ABD1-C596F7675074}.Release|Any CPU.Build.0 = Release|Any CPU
		{9BCF9B01-30BB-4ED6-BCCE-06BE1DACDD23}.Debug|Any CPU.ActiveCfg = Debug|Any CPU
		{9BCF9B01-30BB-4ED6-BCCE-06BE1DACDD23}.Debug|Any CPU.Build.0 = Debug|Any CPU
		{9BCF9B01-30BB-4ED6-BCCE-06BE1DACDD23}.Release|Any CPU.ActiveCfg = Release|Any CPU
		{9BCF9B01-30BB-4ED6-BCCE-06BE1DACDD23}.Release|Any CPU.Build.0 = Release|Any CPU
		{EA28F9E8-A520-43F6-833E-30D842E11FEF}.Debug|Any CPU.ActiveCfg = Debug|Any CPU
		{EA28F9E8-A520-43F6-833E-30D842E11FEF}.Debug|Any CPU.Build.0 = Debug|Any CPU
		{EA28F9E8-A520-43F6-833E-30D842E11FEF}.Release|Any CPU.ActiveCfg = Release|Any CPU
		{EA28F9E8-A520-43F6-833E-30D842E11FEF}.Release|Any CPU.Build.0 = Release|Any CPU
		{9CE3DDD2-493A-4245-AE72-A94483D8C239}.Debug|Any CPU.ActiveCfg = Debug|Any CPU
		{9CE3DDD2-493A-4245-AE72-A94483D8C239}.Debug|Any CPU.Build.0 = Debug|Any CPU
		{9CE3DDD2-493A-4245-AE72-A94483D8C239}.Release|Any CPU.ActiveCfg = Release|Any CPU
		{9CE3DDD2-493A-4245-AE72-A94483D8C239}.Release|Any CPU.Build.0 = Release|Any CPU
		{B03525AF-615E-44F0-9C14-35D28B8CBCFA}.Debug|Any CPU.ActiveCfg = Debug|Any CPU
		{B03525AF-615E-44F0-9C14-35D28B8CBCFA}.Debug|Any CPU.Build.0 = Debug|Any CPU
		{B03525AF-615E-44F0-9C14-35D28B8CBCFA}.Release|Any CPU.ActiveCfg = Release|Any CPU
		{B03525AF-615E-44F0-9C14-35D28B8CBCFA}.Release|Any CPU.Build.0 = Release|Any CPU
	EndGlobalSection
	GlobalSection(SolutionProperties) = preSolution
		HideSolutionNode = FALSE
	EndGlobalSection
	GlobalSection(ExtensibilityGlobals) = postSolution
		SolutionGuid = {8014D4D9-CE7E-4943-87E5-A8F81EF41C2F}
	EndGlobalSection
EndGlobal
