
Microsoft Visual Studio Solution File, Format Version 12.00
# Visual Studio Version 16
VisualStudioVersion = 16.0.30621.155
MinimumVisualStudioVersion = 10.0.40219.1
Project("{FAE04EC0-301F-11D3-BF4B-00C04F79EFBC}") = "IteratorsAndComparators", "IteratorsAndComparators\IteratorsAndComparators.csproj", "{40E0CCA6-8202-4737-8218-F19EE5CEDF54}"
EndProject
Global
	GlobalSection(SolutionConfigurationPlatforms) = preSolution
		Debug|Any CPU = Debug|Any CPU
		Release|Any CPU = Release|Any CPU
	EndGlobalSection
	GlobalSection(ProjectConfigurationPlatforms) = postSolution
		{40E0CCA6-8202-4737-8218-F19EE5CEDF54}.Debug|Any CPU.ActiveCfg = Debug|Any CPU
		{40E0CCA6-8202-4737-8218-F19EE5CEDF54}.Debug|Any CPU.Build.0 = Debug|Any CPU
		{40E0CCA6-8202-4737-8218-F19EE5CEDF54}.Release|Any CPU.ActiveCfg = Release|Any CPU
		{40E0CCA6-8202-4737-8218-F19EE5CEDF54}.Release|Any CPU.Build.0 = Release|Any CPU
	EndGlobalSection
	GlobalSection(SolutionProperties) = preSolution
		HideSolutionNode = FALSE
	EndGlobalSection
	GlobalSection(ExtensibilityGlobals) = postSolution
		SolutionGuid = {29E86D26-CDB7-4DC2-8EDA-99885BC96663}
	EndGlobalSection
EndGlobal
