
Microsoft Visual Studio Solution File, Format Version 12.00
# Visual Studio Version 16
VisualStudioVersion = 16.0.30621.155
MinimumVisualStudioVersion = 10.0.40219.1
Project("{9A19103F-16F7-4668-BE54-9A1E7A4F7556}") = "Задача 1", "Задача 1\Задача 1.csproj", "{411AA07D-D15E-4368-BB68-FD5BCA252BC1}"
EndProject
Project("{9A19103F-16F7-4668-BE54-9A1E7A4F7556}") = "Задача 2", "Задача 2\Задача 2.csproj", "{0948F502-D06D-4830-8390-D0523344B955}"
EndProject
Project("{9A19103F-16F7-4668-BE54-9A1E7A4F7556}") = "Задача 3", "Задача 3\Задача 3.csproj", "{ABE3AE31-0406-4AC0-8B98-4EEBCF343C49}"
EndProject
Project("{9A19103F-16F7-4668-BE54-9A1E7A4F7556}") = "Задача 4", "Задача 4\Задача 4.csproj", "{AFCBA286-4B5F-4C4F-AD76-E2FCFAA6D80C}"
EndProject
Project("{9A19103F-16F7-4668-BE54-9A1E7A4F7556}") = "Задача 5", "Задача 5\Задача 5.csproj", "{9D780999-D611-4287-8D47-ABD1171B8EBB}"
EndProject
Project("{9A19103F-16F7-4668-BE54-9A1E7A4F7556}") = "Задача 6", "Задача 6\Задача 6.csproj", "{2B9532CB-21B7-4AEB-963A-762D4780655F}"
EndProject
Project("{9A19103F-16F7-4668-BE54-9A1E7A4F7556}") = "Задача 7", "Задача 7\Задача 7.csproj", "{BC5D2B6D-678B-4470-9999-E05E3459E52B}"
EndProject
Project("{FAE04EC0-301F-11D3-BF4B-00C04F79EFBC}") = "Задача 8", "Задача 8\Задача 8.csproj", "{157E4CD2-8AAB-4180-A28E-05A7CBD77A8C}"
EndProject
Global
	GlobalSection(SolutionConfigurationPlatforms) = preSolution
		Debug|Any CPU = Debug|Any CPU
		Release|Any CPU = Release|Any CPU
	EndGlobalSection
	GlobalSection(ProjectConfigurationPlatforms) = postSolution
		{411AA07D-D15E-4368-BB68-FD5BCA252BC1}.Debug|Any CPU.ActiveCfg = Debug|Any CPU
		{411AA07D-D15E-4368-BB68-FD5BCA252BC1}.Debug|Any CPU.Build.0 = Debug|Any CPU
		{411AA07D-D15E-4368-BB68-FD5BCA252BC1}.Release|Any CPU.ActiveCfg = Release|Any CPU
		{411AA07D-D15E-4368-BB68-FD5BCA252BC1}.Release|Any CPU.Build.0 = Release|Any CPU
		{0948F502-D06D-4830-8390-D0523344B955}.Debug|Any CPU.ActiveCfg = Debug|Any CPU
		{0948F502-D06D-4830-8390-D0523344B955}.Debug|Any CPU.Build.0 = Debug|Any CPU
		{0948F502-D06D-4830-8390-D0523344B955}.Release|Any CPU.ActiveCfg = Release|Any CPU
		{0948F502-D06D-4830-8390-D0523344B955}.Release|Any CPU.Build.0 = Release|Any CPU
		{ABE3AE31-0406-4AC0-8B98-4EEBCF343C49}.Debug|Any CPU.ActiveCfg = Debug|Any CPU
		{ABE3AE31-0406-4AC0-8B98-4EEBCF343C49}.Debug|Any CPU.Build.0 = Debug|Any CPU
		{ABE3AE31-0406-4AC0-8B98-4EEBCF343C49}.Release|Any CPU.ActiveCfg = Release|Any CPU
		{ABE3AE31-0406-4AC0-8B98-4EEBCF343C49}.Release|Any CPU.Build.0 = Release|Any CPU
		{AFCBA286-4B5F-4C4F-AD76-E2FCFAA6D80C}.Debug|Any CPU.ActiveCfg = Debug|Any CPU
		{AFCBA286-4B5F-4C4F-AD76-E2FCFAA6D80C}.Debug|Any CPU.Build.0 = Debug|Any CPU
		{AFCBA286-4B5F-4C4F-AD76-E2FCFAA6D80C}.Release|Any CPU.ActiveCfg = Release|Any CPU
		{AFCBA286-4B5F-4C4F-AD76-E2FCFAA6D80C}.Release|Any CPU.Build.0 = Release|Any CPU
		{9D780999-D611-4287-8D47-ABD1171B8EBB}.Debug|Any CPU.ActiveCfg = Debug|Any CPU
		{9D780999-D611-4287-8D47-ABD1171B8EBB}.Debug|Any CPU.Build.0 = Debug|Any CPU
		{9D780999-D611-4287-8D47-ABD1171B8EBB}.Release|Any CPU.ActiveCfg = Release|Any CPU
		{9D780999-D611-4287-8D47-ABD1171B8EBB}.Release|Any CPU.Build.0 = Release|Any CPU
		{2B9532CB-21B7-4AEB-963A-762D4780655F}.Debug|Any CPU.ActiveCfg = Debug|Any CPU
		{2B9532CB-21B7-4AEB-963A-762D4780655F}.Debug|Any CPU.Build.0 = Debug|Any CPU
		{2B9532CB-21B7-4AEB-963A-762D4780655F}.Release|Any CPU.ActiveCfg = Release|Any CPU
		{2B9532CB-21B7-4AEB-963A-762D4780655F}.Release|Any CPU.Build.0 = Release|Any CPU
		{BC5D2B6D-678B-4470-9999-E05E3459E52B}.Debug|Any CPU.ActiveCfg = Debug|Any CPU
		{BC5D2B6D-678B-4470-9999-E05E3459E52B}.Debug|Any CPU.Build.0 = Debug|Any CPU
		{BC5D2B6D-678B-4470-9999-E05E3459E52B}.Release|Any CPU.ActiveCfg = Release|Any CPU
		{BC5D2B6D-678B-4470-9999-E05E3459E52B}.Release|Any CPU.Build.0 = Release|Any CPU
		{157E4CD2-8AAB-4180-A28E-05A7CBD77A8C}.Debug|Any CPU.ActiveCfg = Debug|Any CPU
		{157E4CD2-8AAB-4180-A28E-05A7CBD77A8C}.Debug|Any CPU.Build.0 = Debug|Any CPU
		{157E4CD2-8AAB-4180-A28E-05A7CBD77A8C}.Release|Any CPU.ActiveCfg = Release|Any CPU
		{157E4CD2-8AAB-4180-A28E-05A7CBD77A8C}.Release|Any CPU.Build.0 = Release|Any CPU
	EndGlobalSection
	GlobalSection(SolutionProperties) = preSolution
		HideSolutionNode = FALSE
	EndGlobalSection
	GlobalSection(ExtensibilityGlobals) = postSolution
		SolutionGuid = {35AE9132-4478-4323-A597-7B48BFE90AC3}
	EndGlobalSection
EndGlobal
