
Microsoft Visual Studio Solution File, Format Version 12.00
# Visual Studio Version 16
VisualStudioVersion = 16.0.30621.155
MinimumVisualStudioVersion = 10.0.40219.1
Project("{FAE04EC0-301F-11D3-BF4B-00C04F79EFBC}") = "01. Data Types", "01. Data Types\01. Data Types.csproj", "{7040A327-9AE5-4BB7-9525-55ADA71A80EA}"
EndProject
Project("{FAE04EC0-301F-11D3-BF4B-00C04F79EFBC}") = "02. Center Point", "02. Center Point\02. Center Point.csproj", "{A3F9C78A-F010-454A-AB15-7A242BF94EF0}"
EndProject
Project("{FAE04EC0-301F-11D3-BF4B-00C04F79EFBC}") = "03. Longer Line", "03. Longer Line\03. Longer Line.csproj", "{B1B4FFF5-7047-48EA-9EDF-91B7E264DAD3}"
EndProject
Project("{FAE04EC0-301F-11D3-BF4B-00C04F79EFBC}") = "04. Tribonacci Sequence", "04. Tribonacci Sequence\04. Tribonacci Sequence.csproj", "{54ADC236-7D9B-47AB-A29F-2BC45C44E2C2}"
EndProject
Project("{FAE04EC0-301F-11D3-BF4B-00C04F79EFBC}") = "05. Multiplication Sign", "05. Multiplication Sign\05. Multiplication Sign.csproj", "{33D6C8ED-CC74-4258-B39A-65252D866348}"
EndProject
Global
	GlobalSection(SolutionConfigurationPlatforms) = preSolution
		Debug|Any CPU = Debug|Any CPU
		Release|Any CPU = Release|Any CPU
	EndGlobalSection
	GlobalSection(ProjectConfigurationPlatforms) = postSolution
		{7040A327-9AE5-4BB7-9525-55ADA71A80EA}.Debug|Any CPU.ActiveCfg = Debug|Any CPU
		{7040A327-9AE5-4BB7-9525-55ADA71A80EA}.Debug|Any CPU.Build.0 = Debug|Any CPU
		{7040A327-9AE5-4BB7-9525-55ADA71A80EA}.Release|Any CPU.ActiveCfg = Release|Any CPU
		{7040A327-9AE5-4BB7-9525-55ADA71A80EA}.Release|Any CPU.Build.0 = Release|Any CPU
		{A3F9C78A-F010-454A-AB15-7A242BF94EF0}.Debug|Any CPU.ActiveCfg = Debug|Any CPU
		{A3F9C78A-F010-454A-AB15-7A242BF94EF0}.Debug|Any CPU.Build.0 = Debug|Any CPU
		{A3F9C78A-F010-454A-AB15-7A242BF94EF0}.Release|Any CPU.ActiveCfg = Release|Any CPU
		{A3F9C78A-F010-454A-AB15-7A242BF94EF0}.Release|Any CPU.Build.0 = Release|Any CPU
		{B1B4FFF5-7047-48EA-9EDF-91B7E264DAD3}.Debug|Any CPU.ActiveCfg = Debug|Any CPU
		{B1B4FFF5-7047-48EA-9EDF-91B7E264DAD3}.Debug|Any CPU.Build.0 = Debug|Any CPU
		{B1B4FFF5-7047-48EA-9EDF-91B7E264DAD3}.Release|Any CPU.ActiveCfg = Release|Any CPU
		{B1B4FFF5-7047-48EA-9EDF-91B7E264DAD3}.Release|Any CPU.Build.0 = Release|Any CPU
		{54ADC236-7D9B-47AB-A29F-2BC45C44E2C2}.Debug|Any CPU.ActiveCfg = Debug|Any CPU
		{54ADC236-7D9B-47AB-A29F-2BC45C44E2C2}.Debug|Any CPU.Build.0 = Debug|Any CPU
		{54ADC236-7D9B-47AB-A29F-2BC45C44E2C2}.Release|Any CPU.ActiveCfg = Release|Any CPU
		{54ADC236-7D9B-47AB-A29F-2BC45C44E2C2}.Release|Any CPU.Build.0 = Release|Any CPU
		{33D6C8ED-CC74-4258-B39A-65252D866348}.Debug|Any CPU.ActiveCfg = Debug|Any CPU
		{33D6C8ED-CC74-4258-B39A-65252D866348}.Debug|Any CPU.Build.0 = Debug|Any CPU
		{33D6C8ED-CC74-4258-B39A-65252D866348}.Release|Any CPU.ActiveCfg = Release|Any CPU
		{33D6C8ED-CC74-4258-B39A-65252D866348}.Release|Any CPU.Build.0 = Release|Any CPU
	EndGlobalSection
	GlobalSection(SolutionProperties) = preSolution
		HideSolutionNode = FALSE
	EndGlobalSection
	GlobalSection(ExtensibilityGlobals) = postSolution
		SolutionGuid = {593DF290-151E-4CDB-9BA7-DB3AB995FAC9}
	EndGlobalSection
EndGlobal
