
Microsoft Visual Studio Solution File, Format Version 12.00
# Visual Studio Version 16
VisualStudioVersion = 16.0.30621.155
MinimumVisualStudioVersion = 10.0.40219.1
Project("{FAE04EC0-301F-11D3-BF4B-00C04F79EFBC}") = "01. Christmas Preparation", "01. Christmas Preparation\01. Christmas Preparation.csproj", "{5308F1E7-0A5E-4216-89D8-76376BFDE651}"
EndProject
Project("{FAE04EC0-301F-11D3-BF4B-00C04F79EFBC}") = "02. Bracelet Stand", "02. Bracelet Stand\02. Bracelet Stand.csproj", "{2FC13719-0C84-4E7D-9FD8-0847B4C94E6C}"
EndProject
Project("{FAE04EC0-301F-11D3-BF4B-00C04F79EFBC}") = "03. Final Competition", "03. Final Competition\03. Final Competition.csproj", "{B7C59379-D851-4300-99B2-A4337F18C6ED}"
EndProject
Project("{FAE04EC0-301F-11D3-BF4B-00C04F79EFBC}") = "04. Grandpa Stavri", "04. Grandpa Stavri\04. Grandpa Stavri.csproj", "{6E82562F-ED1D-4F1E-A0D0-AB1AA8774C49}"
EndProject
Project("{FAE04EC0-301F-11D3-BF4B-00C04F79EFBC}") = "05. Everest", "05. Everest\05. Everest.csproj", "{8B8961F4-F73C-4D99-9015-9CB11C68F5F4}"
EndProject
Project("{FAE04EC0-301F-11D3-BF4B-00C04F79EFBC}") = "06. Sum And Product", "06. Sum And Product\06. Sum And Product.csproj", "{917E7320-1CEE-4803-A567-9E02017D2CCB}"
EndProject
Global
	GlobalSection(SolutionConfigurationPlatforms) = preSolution
		Debug|Any CPU = Debug|Any CPU
		Release|Any CPU = Release|Any CPU
	EndGlobalSection
	GlobalSection(ProjectConfigurationPlatforms) = postSolution
		{5308F1E7-0A5E-4216-89D8-76376BFDE651}.Debug|Any CPU.ActiveCfg = Debug|Any CPU
		{5308F1E7-0A5E-4216-89D8-76376BFDE651}.Debug|Any CPU.Build.0 = Debug|Any CPU
		{5308F1E7-0A5E-4216-89D8-76376BFDE651}.Release|Any CPU.ActiveCfg = Release|Any CPU
		{5308F1E7-0A5E-4216-89D8-76376BFDE651}.Release|Any CPU.Build.0 = Release|Any CPU
		{2FC13719-0C84-4E7D-9FD8-0847B4C94E6C}.Debug|Any CPU.ActiveCfg = Debug|Any CPU
		{2FC13719-0C84-4E7D-9FD8-0847B4C94E6C}.Debug|Any CPU.Build.0 = Debug|Any CPU
		{2FC13719-0C84-4E7D-9FD8-0847B4C94E6C}.Release|Any CPU.ActiveCfg = Release|Any CPU
		{2FC13719-0C84-4E7D-9FD8-0847B4C94E6C}.Release|Any CPU.Build.0 = Release|Any CPU
		{B7C59379-D851-4300-99B2-A4337F18C6ED}.Debug|Any CPU.ActiveCfg = Debug|Any CPU
		{B7C59379-D851-4300-99B2-A4337F18C6ED}.Debug|Any CPU.Build.0 = Debug|Any CPU
		{B7C59379-D851-4300-99B2-A4337F18C6ED}.Release|Any CPU.ActiveCfg = Release|Any CPU
		{B7C59379-D851-4300-99B2-A4337F18C6ED}.Release|Any CPU.Build.0 = Release|Any CPU
		{6E82562F-ED1D-4F1E-A0D0-AB1AA8774C49}.Debug|Any CPU.ActiveCfg = Debug|Any CPU
		{6E82562F-ED1D-4F1E-A0D0-AB1AA8774C49}.Debug|Any CPU.Build.0 = Debug|Any CPU
		{6E82562F-ED1D-4F1E-A0D0-AB1AA8774C49}.Release|Any CPU.ActiveCfg = Release|Any CPU
		{6E82562F-ED1D-4F1E-A0D0-AB1AA8774C49}.Release|Any CPU.Build.0 = Release|Any CPU
		{8B8961F4-F73C-4D99-9015-9CB11C68F5F4}.Debug|Any CPU.ActiveCfg = Debug|Any CPU
		{8B8961F4-F73C-4D99-9015-9CB11C68F5F4}.Debug|Any CPU.Build.0 = Debug|Any CPU
		{8B8961F4-F73C-4D99-9015-9CB11C68F5F4}.Release|Any CPU.ActiveCfg = Release|Any CPU
		{8B8961F4-F73C-4D99-9015-9CB11C68F5F4}.Release|Any CPU.Build.0 = Release|Any CPU
		{917E7320-1CEE-4803-A567-9E02017D2CCB}.Debug|Any CPU.ActiveCfg = Debug|Any CPU
		{917E7320-1CEE-4803-A567-9E02017D2CCB}.Debug|Any CPU.Build.0 = Debug|Any CPU
		{917E7320-1CEE-4803-A567-9E02017D2CCB}.Release|Any CPU.ActiveCfg = Release|Any CPU
		{917E7320-1CEE-4803-A567-9E02017D2CCB}.Release|Any CPU.Build.0 = Release|Any CPU
	EndGlobalSection
	GlobalSection(SolutionProperties) = preSolution
		HideSolutionNode = FALSE
	EndGlobalSection
	GlobalSection(ExtensibilityGlobals) = postSolution
		SolutionGuid = {8E3F41C7-5C2C-47DB-BE60-827955E6FB27}
	EndGlobalSection
EndGlobal
