
Microsoft Visual Studio Solution File, Format Version 12.00
# Visual Studio Version 16
VisualStudioVersion = 16.0.30621.155
MinimumVisualStudioVersion = 10.0.40219.1
Project("{9A19103F-16F7-4668-BE54-9A1E7A4F7556}") = "01. Activation Keys", "01. Activation Keys\01. Activation Keys.csproj", "{6A87A7B8-B784-4E4B-8E06-E6096FFB7CF3}"
EndProject
Project("{9A19103F-16F7-4668-BE54-9A1E7A4F7556}") = "02. Emoji Detector", "02. Emoji Detector\02. Emoji Detector.csproj", "{FB45D18F-58D4-4A9C-8CAC-F55F3A08A839}"
EndProject
Project("{9A19103F-16F7-4668-BE54-9A1E7A4F7556}") = "01. Password Reset", "01. Password Reset\01. Password Reset.csproj", "{45A515D2-6859-4F31-AF88-A7DB01A1599D}"
EndProject
Project("{9A19103F-16F7-4668-BE54-9A1E7A4F7556}") = "02. Fancy Barcodes", "02. Fancy Barcodes\02. Fancy Barcodes.csproj", "{FFA7A857-8C1B-4AB4-8787-048F57598F56}"
EndProject
Project("{9A19103F-16F7-4668-BE54-9A1E7A4F7556}") = "01. Secret Chat", "01. Secret Chat\01. Secret Chat.csproj", "{5D68B2A2-D2E6-410C-8E7B-39906A350F4F}"
EndProject
Project("{9A19103F-16F7-4668-BE54-9A1E7A4F7556}") = "02. Mirror Words", "02. Mirror Words\02. Mirror Words.csproj", "{74195496-3246-4D25-B964-22225E59F065}"
EndProject
Project("{9A19103F-16F7-4668-BE54-9A1E7A4F7556}") = "03. Need for Speed III", "03. Need for Speed III\03. Need for Speed III.csproj", "{E7DC168A-055F-4165-914F-C71F1376D762}"
EndProject
Project("{9A19103F-16F7-4668-BE54-9A1E7A4F7556}") = "03. P!rates", "03. P!rates\03. P!rates.csproj", "{6E3C2AB3-9CA2-4999-8CC6-B3AC82209655}"
EndProject
Project("{9A19103F-16F7-4668-BE54-9A1E7A4F7556}") = "01. World Tour", "01. World Tour\01. World Tour.csproj", "{AA7B60A3-1895-4E3E-8A77-02FF370C39C5}"
EndProject
Project("{9A19103F-16F7-4668-BE54-9A1E7A4F7556}") = "02. Destination Mapper", "02. Destination Mapper\02. Destination Mapper.csproj", "{760B7BEE-09A6-4F78-83BD-80EBD8FA968A}"
EndProject
Project("{9A19103F-16F7-4668-BE54-9A1E7A4F7556}") = "02. Ad Astra", "02. Ad Astra\02. Ad Astra.csproj", "{9BF99CCD-8835-4D2F-B64C-83010762A445}"
EndProject
Project("{9A19103F-16F7-4668-BE54-9A1E7A4F7556}") = "01. The Imitation Game", "01. The Imitation Game\01. The Imitation Game.csproj", "{EC49A7AB-59E6-4714-B487-72FB51978AF4}"
EndProject
Project("{9A19103F-16F7-4668-BE54-9A1E7A4F7556}") = "03. The Pianist", "03. The Pianist\03. The Pianist.csproj", "{ED0FB28A-B3D0-44A2-B344-221650DE4D87}"
EndProject
Project("{FAE04EC0-301F-11D3-BF4B-00C04F79EFBC}") = "03. Plant Discovery", "03. Plant Discovery\03. Plant Discovery.csproj", "{2912D57F-A33C-43BB-99F8-A4ED1C7E7530}"
EndProject
Project("{FAE04EC0-301F-11D3-BF4B-00C04F79EFBC}") = "03. Heroes of Code and Logic VII", "03. Heroes of Code and Logic VII\03. Heroes of Code and Logic VII.csproj", "{DB515187-F2E4-46CF-BA2B-B7BDB94ED4F7}"
EndProject
Global
	GlobalSection(SolutionConfigurationPlatforms) = preSolution
		Debug|Any CPU = Debug|Any CPU
		Release|Any CPU = Release|Any CPU
	EndGlobalSection
	GlobalSection(ProjectConfigurationPlatforms) = postSolution
		{6A87A7B8-B784-4E4B-8E06-E6096FFB7CF3}.Debug|Any CPU.ActiveCfg = Debug|Any CPU
		{6A87A7B8-B784-4E4B-8E06-E6096FFB7CF3}.Debug|Any CPU.Build.0 = Debug|Any CPU
		{6A87A7B8-B784-4E4B-8E06-E6096FFB7CF3}.Release|Any CPU.ActiveCfg = Release|Any CPU
		{6A87A7B8-B784-4E4B-8E06-E6096FFB7CF3}.Release|Any CPU.Build.0 = Release|Any CPU
		{FB45D18F-58D4-4A9C-8CAC-F55F3A08A839}.Debug|Any CPU.ActiveCfg = Debug|Any CPU
		{FB45D18F-58D4-4A9C-8CAC-F55F3A08A839}.Debug|Any CPU.Build.0 = Debug|Any CPU
		{FB45D18F-58D4-4A9C-8CAC-F55F3A08A839}.Release|Any CPU.ActiveCfg = Release|Any CPU
		{FB45D18F-58D4-4A9C-8CAC-F55F3A08A839}.Release|Any CPU.Build.0 = Release|Any CPU
		{45A515D2-6859-4F31-AF88-A7DB01A1599D}.Debug|Any CPU.ActiveCfg = Debug|Any CPU
		{45A515D2-6859-4F31-AF88-A7DB01A1599D}.Debug|Any CPU.Build.0 = Debug|Any CPU
		{45A515D2-6859-4F31-AF88-A7DB01A1599D}.Release|Any CPU.ActiveCfg = Release|Any CPU
		{45A515D2-6859-4F31-AF88-A7DB01A1599D}.Release|Any CPU.Build.0 = Release|Any CPU
		{FFA7A857-8C1B-4AB4-8787-048F57598F56}.Debug|Any CPU.ActiveCfg = Debug|Any CPU
		{FFA7A857-8C1B-4AB4-8787-048F57598F56}.Debug|Any CPU.Build.0 = Debug|Any CPU
		{FFA7A857-8C1B-4AB4-8787-048F57598F56}.Release|Any CPU.ActiveCfg = Release|Any CPU
		{FFA7A857-8C1B-4AB4-8787-048F57598F56}.Release|Any CPU.Build.0 = Release|Any CPU
		{5D68B2A2-D2E6-410C-8E7B-39906A350F4F}.Debug|Any CPU.ActiveCfg = Debug|Any CPU
		{5D68B2A2-D2E6-410C-8E7B-39906A350F4F}.Debug|Any CPU.Build.0 = Debug|Any CPU
		{5D68B2A2-D2E6-410C-8E7B-39906A350F4F}.Release|Any CPU.ActiveCfg = Release|Any CPU
		{5D68B2A2-D2E6-410C-8E7B-39906A350F4F}.Release|Any CPU.Build.0 = Release|Any CPU
		{74195496-3246-4D25-B964-22225E59F065}.Debug|Any CPU.ActiveCfg = Debug|Any CPU
		{74195496-3246-4D25-B964-22225E59F065}.Debug|Any CPU.Build.0 = Debug|Any CPU
		{74195496-3246-4D25-B964-22225E59F065}.Release|Any CPU.ActiveCfg = Release|Any CPU
		{74195496-3246-4D25-B964-22225E59F065}.Release|Any CPU.Build.0 = Release|Any CPU
		{E7DC168A-055F-4165-914F-C71F1376D762}.Debug|Any CPU.ActiveCfg = Debug|Any CPU
		{E7DC168A-055F-4165-914F-C71F1376D762}.Debug|Any CPU.Build.0 = Debug|Any CPU
		{E7DC168A-055F-4165-914F-C71F1376D762}.Release|Any CPU.ActiveCfg = Release|Any CPU
		{E7DC168A-055F-4165-914F-C71F1376D762}.Release|Any CPU.Build.0 = Release|Any CPU
		{6E3C2AB3-9CA2-4999-8CC6-B3AC82209655}.Debug|Any CPU.ActiveCfg = Debug|Any CPU
		{6E3C2AB3-9CA2-4999-8CC6-B3AC82209655}.Debug|Any CPU.Build.0 = Debug|Any CPU
		{6E3C2AB3-9CA2-4999-8CC6-B3AC82209655}.Release|Any CPU.ActiveCfg = Release|Any CPU
		{6E3C2AB3-9CA2-4999-8CC6-B3AC82209655}.Release|Any CPU.Build.0 = Release|Any CPU
		{AA7B60A3-1895-4E3E-8A77-02FF370C39C5}.Debug|Any CPU.ActiveCfg = Debug|Any CPU
		{AA7B60A3-1895-4E3E-8A77-02FF370C39C5}.Debug|Any CPU.Build.0 = Debug|Any CPU
		{AA7B60A3-1895-4E3E-8A77-02FF370C39C5}.Release|Any CPU.ActiveCfg = Release|Any CPU
		{AA7B60A3-1895-4E3E-8A77-02FF370C39C5}.Release|Any CPU.Build.0 = Release|Any CPU
		{760B7BEE-09A6-4F78-83BD-80EBD8FA968A}.Debug|Any CPU.ActiveCfg = Debug|Any CPU
		{760B7BEE-09A6-4F78-83BD-80EBD8FA968A}.Debug|Any CPU.Build.0 = Debug|Any CPU
		{760B7BEE-09A6-4F78-83BD-80EBD8FA968A}.Release|Any CPU.ActiveCfg = Release|Any CPU
		{760B7BEE-09A6-4F78-83BD-80EBD8FA968A}.Release|Any CPU.Build.0 = Release|Any CPU
		{9BF99CCD-8835-4D2F-B64C-83010762A445}.Debug|Any CPU.ActiveCfg = Debug|Any CPU
		{9BF99CCD-8835-4D2F-B64C-83010762A445}.Debug|Any CPU.Build.0 = Debug|Any CPU
		{9BF99CCD-8835-4D2F-B64C-83010762A445}.Release|Any CPU.ActiveCfg = Release|Any CPU
		{9BF99CCD-8835-4D2F-B64C-83010762A445}.Release|Any CPU.Build.0 = Release|Any CPU
		{EC49A7AB-59E6-4714-B487-72FB51978AF4}.Debug|Any CPU.ActiveCfg = Debug|Any CPU
		{EC49A7AB-59E6-4714-B487-72FB51978AF4}.Debug|Any CPU.Build.0 = Debug|Any CPU
		{EC49A7AB-59E6-4714-B487-72FB51978AF4}.Release|Any CPU.ActiveCfg = Release|Any CPU
		{EC49A7AB-59E6-4714-B487-72FB51978AF4}.Release|Any CPU.Build.0 = Release|Any CPU
		{ED0FB28A-B3D0-44A2-B344-221650DE4D87}.Debug|Any CPU.ActiveCfg = Debug|Any CPU
		{ED0FB28A-B3D0-44A2-B344-221650DE4D87}.Debug|Any CPU.Build.0 = Debug|Any CPU
		{ED0FB28A-B3D0-44A2-B344-221650DE4D87}.Release|Any CPU.ActiveCfg = Release|Any CPU
		{ED0FB28A-B3D0-44A2-B344-221650DE4D87}.Release|Any CPU.Build.0 = Release|Any CPU
		{2912D57F-A33C-43BB-99F8-A4ED1C7E7530}.Debug|Any CPU.ActiveCfg = Debug|Any CPU
		{2912D57F-A33C-43BB-99F8-A4ED1C7E7530}.Debug|Any CPU.Build.0 = Debug|Any CPU
		{2912D57F-A33C-43BB-99F8-A4ED1C7E7530}.Release|Any CPU.ActiveCfg = Release|Any CPU
		{2912D57F-A33C-43BB-99F8-A4ED1C7E7530}.Release|Any CPU.Build.0 = Release|Any CPU
		{DB515187-F2E4-46CF-BA2B-B7BDB94ED4F7}.Debug|Any CPU.ActiveCfg = Debug|Any CPU
		{DB515187-F2E4-46CF-BA2B-B7BDB94ED4F7}.Debug|Any CPU.Build.0 = Debug|Any CPU
		{DB515187-F2E4-46CF-BA2B-B7BDB94ED4F7}.Release|Any CPU.ActiveCfg = Release|Any CPU
		{DB515187-F2E4-46CF-BA2B-B7BDB94ED4F7}.Release|Any CPU.Build.0 = Release|Any CPU
	EndGlobalSection
	GlobalSection(SolutionProperties) = preSolution
		HideSolutionNode = FALSE
	EndGlobalSection
	GlobalSection(ExtensibilityGlobals) = postSolution
		SolutionGuid = {968FD829-E31F-4541-8469-6FC444FB23A9}
	EndGlobalSection
EndGlobal
