
Microsoft Visual Studio Solution File, Format Version 12.00
# Visual Studio Version 16
VisualStudioVersion = 16.0.30621.155
MinimumVisualStudioVersion = 10.0.40219.1
Project("{FAE04EC0-301F-11D3-BF4B-00C04F79EFBC}") = "01. Ranking", "01. Ranking\01. Ranking.csproj", "{21C2E3D0-B099-4D42-B5BF-70E396E773D6}"
EndProject
Project("{FAE04EC0-301F-11D3-BF4B-00C04F79EFBC}") = "02. Judge", "02. Judge\02. Judge.csproj", "{953501AB-4655-438F-9F71-4877505CE8A8}"
EndProject
Project("{FAE04EC0-301F-11D3-BF4B-00C04F79EFBC}") = "03. MOBA Challenger", "03. MOBA Challenger\03. MOBA Challenger.csproj", "{220A4765-32BB-4860-8845-4D09F9DA90E4}"
EndProject
Project("{FAE04EC0-301F-11D3-BF4B-00C04F79EFBC}") = "04. Snowwhite", "04. Snowwhite\04. Snowwhite.csproj", "{D3A55D42-293F-4C25-A74B-BBABDE88F003}"
EndProject
Project("{FAE04EC0-301F-11D3-BF4B-00C04F79EFBC}") = "05. Dragon Army", "05. Dragon Army\05. Dragon Army.csproj", "{60A1EB47-AB05-4661-925D-F24DCD8486F4}"
EndProject
Global
	GlobalSection(SolutionConfigurationPlatforms) = preSolution
		Debug|Any CPU = Debug|Any CPU
		Release|Any CPU = Release|Any CPU
	EndGlobalSection
	GlobalSection(ProjectConfigurationPlatforms) = postSolution
		{21C2E3D0-B099-4D42-B5BF-70E396E773D6}.Debug|Any CPU.ActiveCfg = Debug|Any CPU
		{21C2E3D0-B099-4D42-B5BF-70E396E773D6}.Debug|Any CPU.Build.0 = Debug|Any CPU
		{21C2E3D0-B099-4D42-B5BF-70E396E773D6}.Release|Any CPU.ActiveCfg = Release|Any CPU
		{21C2E3D0-B099-4D42-B5BF-70E396E773D6}.Release|Any CPU.Build.0 = Release|Any CPU
		{953501AB-4655-438F-9F71-4877505CE8A8}.Debug|Any CPU.ActiveCfg = Debug|Any CPU
		{953501AB-4655-438F-9F71-4877505CE8A8}.Debug|Any CPU.Build.0 = Debug|Any CPU
		{953501AB-4655-438F-9F71-4877505CE8A8}.Release|Any CPU.ActiveCfg = Release|Any CPU
		{953501AB-4655-438F-9F71-4877505CE8A8}.Release|Any CPU.Build.0 = Release|Any CPU
		{220A4765-32BB-4860-8845-4D09F9DA90E4}.Debug|Any CPU.ActiveCfg = Debug|Any CPU
		{220A4765-32BB-4860-8845-4D09F9DA90E4}.Debug|Any CPU.Build.0 = Debug|Any CPU
		{220A4765-32BB-4860-8845-4D09F9DA90E4}.Release|Any CPU.ActiveCfg = Release|Any CPU
		{220A4765-32BB-4860-8845-4D09F9DA90E4}.Release|Any CPU.Build.0 = Release|Any CPU
		{D3A55D42-293F-4C25-A74B-BBABDE88F003}.Debug|Any CPU.ActiveCfg = Debug|Any CPU
		{D3A55D42-293F-4C25-A74B-BBABDE88F003}.Debug|Any CPU.Build.0 = Debug|Any CPU
		{D3A55D42-293F-4C25-A74B-BBABDE88F003}.Release|Any CPU.ActiveCfg = Release|Any CPU
		{D3A55D42-293F-4C25-A74B-BBABDE88F003}.Release|Any CPU.Build.0 = Release|Any CPU
		{60A1EB47-AB05-4661-925D-F24DCD8486F4}.Debug|Any CPU.ActiveCfg = Debug|Any CPU
		{60A1EB47-AB05-4661-925D-F24DCD8486F4}.Debug|Any CPU.Build.0 = Debug|Any CPU
		{60A1EB47-AB05-4661-925D-F24DCD8486F4}.Release|Any CPU.ActiveCfg = Release|Any CPU
		{60A1EB47-AB05-4661-925D-F24DCD8486F4}.Release|Any CPU.Build.0 = Release|Any CPU
	EndGlobalSection
	GlobalSection(SolutionProperties) = preSolution
		HideSolutionNode = FALSE
	EndGlobalSection
	GlobalSection(ExtensibilityGlobals) = postSolution
		SolutionGuid = {601E521A-9045-4C78-A904-A36CCB93201D}
	EndGlobalSection
EndGlobal
