
Microsoft Visual Studio Solution File, Format Version 12.00
# Visual Studio Version 16
VisualStudioVersion = 16.0.30621.155
MinimumVisualStudioVersion = 10.0.40219.1
Project("{FAE04EC0-301F-11D3-BF4B-00C04F79EFBC}") = "01. Match Full Name", "01. Match Full Name\01. Match Full Name.csproj", "{B946EFA9-5AC1-48A0-9676-E78CA1DC8653}"
EndProject
Project("{FAE04EC0-301F-11D3-BF4B-00C04F79EFBC}") = "02. Match Phone Number", "02. Match Phone Number\02. Match Phone Number.csproj", "{2E2BA42F-B439-4576-9DB0-4DC4C290DB48}"
EndProject
Project("{FAE04EC0-301F-11D3-BF4B-00C04F79EFBC}") = "03. Match Dates", "03. Match Dates\03. Match Dates.csproj", "{7971CF21-4266-4EF4-BC62-46E73640D648}"
EndProject
Global
	GlobalSection(SolutionConfigurationPlatforms) = preSolution
		Debug|Any CPU = Debug|Any CPU
		Release|Any CPU = Release|Any CPU
	EndGlobalSection
	GlobalSection(ProjectConfigurationPlatforms) = postSolution
		{B946EFA9-5AC1-48A0-9676-E78CA1DC8653}.Debug|Any CPU.ActiveCfg = Debug|Any CPU
		{B946EFA9-5AC1-48A0-9676-E78CA1DC8653}.Debug|Any CPU.Build.0 = Debug|Any CPU
		{B946EFA9-5AC1-48A0-9676-E78CA1DC8653}.Release|Any CPU.ActiveCfg = Release|Any CPU
		{B946EFA9-5AC1-48A0-9676-E78CA1DC8653}.Release|Any CPU.Build.0 = Release|Any CPU
		{2E2BA42F-B439-4576-9DB0-4DC4C290DB48}.Debug|Any CPU.ActiveCfg = Debug|Any CPU
		{2E2BA42F-B439-4576-9DB0-4DC4C290DB48}.Debug|Any CPU.Build.0 = Debug|Any CPU
		{2E2BA42F-B439-4576-9DB0-4DC4C290DB48}.Release|Any CPU.ActiveCfg = Release|Any CPU
		{2E2BA42F-B439-4576-9DB0-4DC4C290DB48}.Release|Any CPU.Build.0 = Release|Any CPU
		{7971CF21-4266-4EF4-BC62-46E73640D648}.Debug|Any CPU.ActiveCfg = Debug|Any CPU
		{7971CF21-4266-4EF4-BC62-46E73640D648}.Debug|Any CPU.Build.0 = Debug|Any CPU
		{7971CF21-4266-4EF4-BC62-46E73640D648}.Release|Any CPU.ActiveCfg = Release|Any CPU
		{7971CF21-4266-4EF4-BC62-46E73640D648}.Release|Any CPU.Build.0 = Release|Any CPU
	EndGlobalSection
	GlobalSection(SolutionProperties) = preSolution
		HideSolutionNode = FALSE
	EndGlobalSection
	GlobalSection(ExtensibilityGlobals) = postSolution
		SolutionGuid = {02BF0E05-910C-4765-B431-27B71BE9B464}
	EndGlobalSection
EndGlobal
