
Microsoft Visual Studio Solution File, Format Version 12.00
# Visual Studio Version 16
VisualStudioVersion = 16.0.30621.155
MinimumVisualStudioVersion = 10.0.40219.1
Project("{FAE04EC0-301F-11D3-BF4B-00C04F79EFBC}") = "01. Hello SoftUni", "01. Hello SoftUni\01. Hello SoftUni.csproj", "{4432AC77-6541-422E-9E90-FE42A02BE2F2}"
EndProject
Project("{FAE04EC0-301F-11D3-BF4B-00C04F79EFBC}") = "02. Nums 1-10", "02. Nums 1-10\02. Nums 1-10.csproj", "{222E8353-B7D3-4795-A580-BED0D49C8B91}"
EndProject
Project("{FAE04EC0-301F-11D3-BF4B-00C04F79EFBC}") = "03. Rectangle Area", "03. Rectangle Area\03. Rectangle Area.csproj", "{2B14526D-D038-4258-BD94-8DD2CFDEE2E9}"
EndProject
Project("{FAE04EC0-301F-11D3-BF4B-00C04F79EFBC}") = "04. Inches to Centimeters", "04. Inches to Centimeters\04. Inches to Centimeters.csproj", "{EB1657AD-F578-4628-93C8-44BDE870D1C1}"
EndProject
Project("{FAE04EC0-301F-11D3-BF4B-00C04F79EFBC}") = "05. Greeting by Name", "05. Greeting by Name\05. Greeting by Name.csproj", "{B961B9F2-C344-4AED-A467-C93013FF15DD}"
EndProject
Project("{FAE04EC0-301F-11D3-BF4B-00C04F79EFBC}") = "06. Concatenate Data", "06. Concatenate Data\06. Concatenate Data.csproj", "{C169749A-723C-451F-8B38-E080A225FCAC}"
EndProject
Project("{FAE04EC0-301F-11D3-BF4B-00C04F79EFBC}") = "07. Projects Creation", "07. Projects Creation\07. Projects Creation.csproj", "{CF6892E7-8694-4926-81D4-EA0AD8003F3A}"
EndProject
Project("{FAE04EC0-301F-11D3-BF4B-00C04F79EFBC}") = "08. Pet Shop", "08. Pet Shop\08. Pet Shop.csproj", "{6B322D65-2F94-4E18-95F6-53A94AE61829}"
EndProject
Project("{FAE04EC0-301F-11D3-BF4B-00C04F79EFBC}") = "09. Yard Greening", "09. Yard Greening\09. Yard Greening.csproj", "{DC5EE4E2-366F-4E61-B38D-43CE6428D064}"
EndProject
Global
	GlobalSection(SolutionConfigurationPlatforms) = preSolution
		Debug|Any CPU = Debug|Any CPU
		Release|Any CPU = Release|Any CPU
	EndGlobalSection
	GlobalSection(ProjectConfigurationPlatforms) = postSolution
		{4432AC77-6541-422E-9E90-FE42A02BE2F2}.Debug|Any CPU.ActiveCfg = Debug|Any CPU
		{4432AC77-6541-422E-9E90-FE42A02BE2F2}.Debug|Any CPU.Build.0 = Debug|Any CPU
		{4432AC77-6541-422E-9E90-FE42A02BE2F2}.Release|Any CPU.ActiveCfg = Release|Any CPU
		{4432AC77-6541-422E-9E90-FE42A02BE2F2}.Release|Any CPU.Build.0 = Release|Any CPU
		{222E8353-B7D3-4795-A580-BED0D49C8B91}.Debug|Any CPU.ActiveCfg = Debug|Any CPU
		{222E8353-B7D3-4795-A580-BED0D49C8B91}.Debug|Any CPU.Build.0 = Debug|Any CPU
		{222E8353-B7D3-4795-A580-BED0D49C8B91}.Release|Any CPU.ActiveCfg = Release|Any CPU
		{222E8353-B7D3-4795-A580-BED0D49C8B91}.Release|Any CPU.Build.0 = Release|Any CPU
		{2B14526D-D038-4258-BD94-8DD2CFDEE2E9}.Debug|Any CPU.ActiveCfg = Debug|Any CPU
		{2B14526D-D038-4258-BD94-8DD2CFDEE2E9}.Debug|Any CPU.Build.0 = Debug|Any CPU
		{2B14526D-D038-4258-BD94-8DD2CFDEE2E9}.Release|Any CPU.ActiveCfg = Release|Any CPU
		{2B14526D-D038-4258-BD94-8DD2CFDEE2E9}.Release|Any CPU.Build.0 = Release|Any CPU
		{EB1657AD-F578-4628-93C8-44BDE870D1C1}.Debug|Any CPU.ActiveCfg = Debug|Any CPU
		{EB1657AD-F578-4628-93C8-44BDE870D1C1}.Debug|Any CPU.Build.0 = Debug|Any CPU
		{EB1657AD-F578-4628-93C8-44BDE870D1C1}.Release|Any CPU.ActiveCfg = Release|Any CPU
		{EB1657AD-F578-4628-93C8-44BDE870D1C1}.Release|Any CPU.Build.0 = Release|Any CPU
		{B961B9F2-C344-4AED-A467-C93013FF15DD}.Debug|Any CPU.ActiveCfg = Debug|Any CPU
		{B961B9F2-C344-4AED-A467-C93013FF15DD}.Debug|Any CPU.Build.0 = Debug|Any CPU
		{B961B9F2-C344-4AED-A467-C93013FF15DD}.Release|Any CPU.ActiveCfg = Release|Any CPU
		{B961B9F2-C344-4AED-A467-C93013FF15DD}.Release|Any CPU.Build.0 = Release|Any CPU
		{C169749A-723C-451F-8B38-E080A225FCAC}.Debug|Any CPU.ActiveCfg = Debug|Any CPU
		{C169749A-723C-451F-8B38-E080A225FCAC}.Debug|Any CPU.Build.0 = Debug|Any CPU
		{C169749A-723C-451F-8B38-E080A225FCAC}.Release|Any CPU.ActiveCfg = Release|Any CPU
		{C169749A-723C-451F-8B38-E080A225FCAC}.Release|Any CPU.Build.0 = Release|Any CPU
		{CF6892E7-8694-4926-81D4-EA0AD8003F3A}.Debug|Any CPU.ActiveCfg = Debug|Any CPU
		{CF6892E7-8694-4926-81D4-EA0AD8003F3A}.Debug|Any CPU.Build.0 = Debug|Any CPU
		{CF6892E7-8694-4926-81D4-EA0AD8003F3A}.Release|Any CPU.ActiveCfg = Release|Any CPU
		{CF6892E7-8694-4926-81D4-EA0AD8003F3A}.Release|Any CPU.Build.0 = Release|Any CPU
		{6B322D65-2F94-4E18-95F6-53A94AE61829}.Debug|Any CPU.ActiveCfg = Debug|Any CPU
		{6B322D65-2F94-4E18-95F6-53A94AE61829}.Debug|Any CPU.Build.0 = Debug|Any CPU
		{6B322D65-2F94-4E18-95F6-53A94AE61829}.Release|Any CPU.ActiveCfg = Release|Any CPU
		{6B322D65-2F94-4E18-95F6-53A94AE61829}.Release|Any CPU.Build.0 = Release|Any CPU
		{DC5EE4E2-366F-4E61-B38D-43CE6428D064}.Debug|Any CPU.ActiveCfg = Debug|Any CPU
		{DC5EE4E2-366F-4E61-B38D-43CE6428D064}.Debug|Any CPU.Build.0 = Debug|Any CPU
		{DC5EE4E2-366F-4E61-B38D-43CE6428D064}.Release|Any CPU.ActiveCfg = Release|Any CPU
		{DC5EE4E2-366F-4E61-B38D-43CE6428D064}.Release|Any CPU.Build.0 = Release|Any CPU
	EndGlobalSection
	GlobalSection(SolutionProperties) = preSolution
		HideSolutionNode = FALSE
	EndGlobalSection
	GlobalSection(ExtensibilityGlobals) = postSolution
		SolutionGuid = {ECBA588D-998E-4287-AA8B-4451133FD420}
	EndGlobalSection
EndGlobal
